
Microsoft Visual Studio Solution File, Format Version 12.00
# Visual Studio Version 17
VisualStudioVersion = 17.8.34004.107
MinimumVisualStudioVersion = 10.0.40219.1
Project("{FAE04EC0-301F-11D3-BF4B-00C04F79EFBC}") = "Oasis-task", "Oasis-task\Oasis-task.csproj", "{A88CD03B-A7AB-45FC-B70B-85D543360545}"
EndProject
Global
	GlobalSection(SolutionConfigurationPlatforms) = preSolution
		Debug|Any CPU = Debug|Any CPU
		Release|Any CPU = Release|Any CPU
	EndGlobalSection
	GlobalSection(ProjectConfigurationPlatforms) = postSolution
		{A88CD03B-A7AB-45FC-B70B-85D543360545}.Debug|Any CPU.ActiveCfg = Debug|Any CPU
		{A88CD03B-A7AB-45FC-B70B-85D543360545}.Debug|Any CPU.Build.0 = Debug|Any CPU
		{A88CD03B-A7AB-45FC-B70B-85D543360545}.Release|Any CPU.ActiveCfg = Release|Any CPU
		{A88CD03B-A7AB-45FC-B70B-85D543360545}.Release|Any CPU.Build.0 = Release|Any CPU
	EndGlobalSection
	GlobalSection(SolutionProperties) = preSolution
		HideSolutionNode = FALSE
	EndGlobalSection
	GlobalSection(ExtensibilityGlobals) = postSolution
		SolutionGuid = {006FD47E-7EF1-4281-915A-28C99C46D456}
	EndGlobalSection
EndGlobal
